
Microsoft Visual Studio Solution File, Format Version 12.00
# Visual Studio 15
VisualStudioVersion = 15.0.27428.2037
MinimumVisualStudioVersion = 10.0.40219.1
Project("{FAE04EC0-301F-11D3-BF4B-00C04F79EFBC}") = "ComponentOneControlPanel", "ComponentOneControlPanel\ComponentOneControlPanel.csproj", "{ABE4F94C-C771-4268-9635-E87F8E091FDA}"
EndProject
Global
	GlobalSection(SolutionConfigurationPlatforms) = preSolution
		Debug|Any CPU = Debug|Any CPU
		Release|Any CPU = Release|Any CPU
	EndGlobalSection
	GlobalSection(ProjectConfigurationPlatforms) = postSolution
		{ABE4F94C-C771-4268-9635-E87F8E091FDA}.Debug|Any CPU.ActiveCfg = Debug|Any CPU
		{ABE4F94C-C771-4268-9635-E87F8E091FDA}.Debug|Any CPU.Build.0 = Debug|Any CPU
		{ABE4F94C-C771-4268-9635-E87F8E091FDA}.Release|Any CPU.ActiveCfg = Release|Any CPU
		{ABE4F94C-C771-4268-9635-E87F8E091FDA}.Release|Any CPU.Build.0 = Release|Any CPU
	EndGlobalSection
	GlobalSection(SolutionProperties) = preSolution
		HideSolutionNode = FALSE
	EndGlobalSection
	GlobalSection(ExtensibilityGlobals) = postSolution
		SolutionGuid = {962D7E9B-3105-4ABD-ACE8-87304FF49585}
	EndGlobalSection
EndGlobal
